
Microsoft Visual Studio Solution File, Format Version 12.00
# Visual Studio Version 17
VisualStudioVersion = 17.6.33417.168
MinimumVisualStudioVersion = 10.0.40219.1
Project("{FAE04EC0-301F-11D3-BF4B-00C04F79EFBC}") = "VehicleFactory", "VehicleFactory\VehicleFactory.csproj", "{2DED63E6-9D81-467A-90BA-C4F88522EE4B}"
EndProject
Project("{FAE04EC0-301F-11D3-BF4B-00C04F79EFBC}") = "VehicleFactoryCmd", "VehicleFactoryCmd\VehicleFactoryCmd.csproj", "{973FD075-73A3-48AA-84F7-2078F90CF64F}"
EndProject
Global
	GlobalSection(SolutionConfigurationPlatforms) = preSolution
		Debug|Any CPU = Debug|Any CPU
		Release|Any CPU = Release|Any CPU
	EndGlobalSection
	GlobalSection(ProjectConfigurationPlatforms) = postSolution
		{2DED63E6-9D81-467A-90BA-C4F88522EE4B}.Debug|Any CPU.ActiveCfg = Debug|Any CPU
		{2DED63E6-9D81-467A-90BA-C4F88522EE4B}.Debug|Any CPU.Build.0 = Debug|Any CPU
		{2DED63E6-9D81-467A-90BA-C4F88522EE4B}.Release|Any CPU.ActiveCfg = Release|Any CPU
		{2DED63E6-9D81-467A-90BA-C4F88522EE4B}.Release|Any CPU.Build.0 = Release|Any CPU
		{973FD075-73A3-48AA-84F7-2078F90CF64F}.Debug|Any CPU.ActiveCfg = Debug|Any CPU
		{973FD075-73A3-48AA-84F7-2078F90CF64F}.Debug|Any CPU.Build.0 = Debug|Any CPU
		{973FD075-73A3-48AA-84F7-2078F90CF64F}.Release|Any CPU.ActiveCfg = Release|Any CPU
		{973FD075-73A3-48AA-84F7-2078F90CF64F}.Release|Any CPU.Build.0 = Release|Any CPU
	EndGlobalSection
	GlobalSection(SolutionProperties) = preSolution
		HideSolutionNode = FALSE
	EndGlobalSection
	GlobalSection(ExtensibilityGlobals) = postSolution
		SolutionGuid = {1103827E-5D70-479D-8C95-A1CB3A1F373E}
	EndGlobalSection
EndGlobal
