
Microsoft Visual Studio Solution File, Format Version 12.00
# Visual Studio Version 17
VisualStudioVersion = 17.6.33417.168
MinimumVisualStudioVersion = 10.0.40219.1
Project("{FAE04EC0-301F-11D3-BF4B-00C04F79EFBC}") = "WinFormsApp1", "WinFormsApp1\WinFormsApp1.csproj", "{DD43E934-FB70-41AE-888A-62EF38BDE727}"
EndProject
Global
	GlobalSection(SolutionConfigurationPlatforms) = preSolution
		Debug|Any CPU = Debug|Any CPU
		Release|Any CPU = Release|Any CPU
	EndGlobalSection
	GlobalSection(ProjectConfigurationPlatforms) = postSolution
		{DD43E934-FB70-41AE-888A-62EF38BDE727}.Debug|Any CPU.ActiveCfg = Debug|Any CPU
		{DD43E934-FB70-41AE-888A-62EF38BDE727}.Debug|Any CPU.Build.0 = Debug|Any CPU
		{DD43E934-FB70-41AE-888A-62EF38BDE727}.Release|Any CPU.ActiveCfg = Release|Any CPU
		{DD43E934-FB70-41AE-888A-62EF38BDE727}.Release|Any CPU.Build.0 = Release|Any CPU
	EndGlobalSection
	GlobalSection(SolutionProperties) = preSolution
		HideSolutionNode = FALSE
	EndGlobalSection
	GlobalSection(ExtensibilityGlobals) = postSolution
		SolutionGuid = {E2A2FAF8-D6E7-4713-A180-54CA4179FC62}
	EndGlobalSection
EndGlobal
